
Microsoft Visual Studio Solution File, Format Version 12.00
# Visual Studio Version 17
VisualStudioVersion = 17.14.36414.22 d17.14
MinimumVisualStudioVersion = 10.0.40219.1
Project("{FAE04EC0-301F-11D3-BF4B-00C04F79EFBC}") = "GeometriaModels", "GeometriaModels\GeometriaModels.csproj", "{7209E451-FC79-4E5F-99A3-A9F5FBC6CCE6}"
EndProject
Global
	GlobalSection(SolutionConfigurationPlatforms) = preSolution
		Debug|Any CPU = Debug|Any CPU
		Release|Any CPU = Release|Any CPU
	EndGlobalSection
	GlobalSection(ProjectConfigurationPlatforms) = postSolution
		{7209E451-FC79-4E5F-99A3-A9F5FBC6CCE6}.Debug|Any CPU.ActiveCfg = Debug|Any CPU
		{7209E451-FC79-4E5F-99A3-A9F5FBC6CCE6}.Debug|Any CPU.Build.0 = Debug|Any CPU
		{7209E451-FC79-4E5F-99A3-A9F5FBC6CCE6}.Release|Any CPU.ActiveCfg = Release|Any CPU
		{7209E451-FC79-4E5F-99A3-A9F5FBC6CCE6}.Release|Any CPU.Build.0 = Release|Any CPU
	EndGlobalSection
	GlobalSection(SolutionProperties) = preSolution
		HideSolutionNode = FALSE
	EndGlobalSection
	GlobalSection(ExtensibilityGlobals) = postSolution
		SolutionGuid = {11D1D817-BD69-4A2A-8103-FA0541F64F47}
	EndGlobalSection
EndGlobal
